{
  "name": "library-study",
  "version": "1.0.0",
  "lockfileVersion": 3,
  "requires": true,
  "packages": {
    "": {
      "name": "library-study",
      "version": "1.0.0",
      "license": "MIT",
      "workspaces": [
        "lib",
        "test"
      ],
      "devDependencies": {
        "@biomejs/biome": "1.6.3"
      }
    },
    "lib": {
      "name": "jgjgill-utils",
      "version": "0.0.0"
    },
    "node_modules/@biomejs/biome": {
      "version": "1.6.3",
      "dev": true,
      "hasInstallScript": true,
      "license": "MIT OR Apache-2.0",
      "bin": {
        "biome": "bin/biome"
      },
      "engines": {
        "node": ">=14.*"
      },
      "funding": {
        "type": "opencollective",
        "url": "https://opencollective.com/biome"
      },
      "optionalDependencies": {
        "@biomejs/cli-darwin-arm64": "1.6.3",
        "@biomejs/cli-darwin-x64": "1.6.3",
        "@biomejs/cli-linux-arm64": "1.6.3",
        "@biomejs/cli-linux-arm64-musl": "1.6.3",
        "@biomejs/cli-linux-x64": "1.6.3",
        "@biomejs/cli-linux-x64-musl": "1.6.3",
        "@biomejs/cli-win32-arm64": "1.6.3",
        "@biomejs/cli-win32-x64": "1.6.3"
      }
    },
    "node_modules/@biomejs/cli-darwin-arm64": {
      "version": "1.6.3",
      "cpu": [
        "arm64"
      ],
      "dev": true,
      "license": "MIT OR Apache-2.0",
      "optional": true,
      "os": [
        "darwin"
      ],
      "engines": {
        "node": ">=14.*"
      }
    },
    "node_modules/jgjgill-utils": {
      "resolved": "lib",
      "link": true
    },
    "node_modules/test": {
      "resolved": "test",
      "link": true
    },
    "test": {
      "version": "1.0.1",
      "license": "MIT",
      "dependencies": {
        "jgjgill-utils": "0.0.0-onlyCJS"
      }
    },
    "test/node_modules/jgjgill-utils": {
      "version": "0.0.0-onlyCJS",
      "resolved": "https://registry.npmjs.org/jgjgill-utils/-/jgjgill-utils-0.0.0-onlyCJS.tgz",
      "integrity": "sha512-u/bFx0ycG3bFzn1EOs3qL6K1gAIGzhGBP50s9SVNZB4bodcT+FbWINSNknnpJfE2H6LkQgh13l7TX6+B629WUQ=="
    }
  }
}
